PODS:
  - CocoaLumberjack (3.6.0):
    - CocoaLumberjack/Core (= 3.6.0)
  - CocoaLumberjack/Core (3.6.0)
  - SnapKit (5.0.1)

DEPENDENCIES:
  - CocoaLumberjack
  - SnapKit

SPEC REPOS:
  trunk:
    - CocoaLumberjack
    - SnapKit

SPEC CHECKSUMS:
  CocoaLumberjack: 78b0c238666f4f58db069738ec176f4519557516
  SnapKit: 97b92857e3df3a0c71833cce143274bf6ef8e5eb

PODFILE CHECKSUM: e310d5307d1ca405fc61e34e60bb708c335f8935

COCOAPODS: 1.10.1
