// !$*UTF8*$!
{
	archiveVersion = 1;
	classes = {
	};
	objectVersion = 50;
	objects = {

/* Begin PBXBuildFile section */
		50F7EEBE23A245B100876839 /* AppDelegate.swift in Sources */ = {isa = PBXBuildFile; fileRef = 50F7EEBD23A245B100876839 /* AppDelegate.swift */; };
		50F7EEC023A245B100876839 /* ViewController.swift in Sources */ = {isa = PBXBuildFile; fileRef = 50F7EEBF23A245B100876839 /* ViewController.swift */; };
		50F7EEC323A245B100876839 /* Main.storyboard in Resources */ = {isa = PBXBuildFile; fileRef = 50F7EEC123A245B100876839 /* Main.storyboard */; };
		50F7EEC523A245B200876839 /* Assets.xcassets in Resources */ = {isa = PBXBuildFile; fileRef = 50F7EEC423A245B200876839 /* Assets.xcassets */; };
		50F7EEC823A245B200876839 /* LaunchScreen.storyboard in Resources */ = {isa = PBXBuildFile; fileRef = 50F7EEC623A245B200876839 /* LaunchScreen.storyboard */; };
		D4C420184DB8E6BF55D786B0 /* Pods_PodBinCacheExample.framework in Frameworks */ = {isa = PBXBuildFile; fileRef = 1DFB75B5AF236383D751E3AC /* Pods_PodBinCacheExample.framework */; };
/* End PBXBuildFile section */

/* Begin PBXFileReference section */
		1DFB75B5AF236383D751E3AC /* Pods_PodBinCacheExample.framework */ = {isa = PBXFileReference; explicitFileType = wrapper.framework; includeInIndex = 0; path = Pods_PodBinCacheExample.framework; sourceTree = BUILT_PRODUCTS_DIR; };
		50F7EEBA23A245B100876839 /* PodBinCacheExample.app */ = {isa = PBXFileReference; explicitFileType = wrapper.application; includeInIndex = 0; path = PodBinCacheExample.app; sourceTree = BUILT_PRODUCTS_DIR; };
		50F7EEBD23A245B100876839 /* AppDelegate.swift */ = {isa = PBXFileReference; lastKnownFileType = sourcecode.swift; path = AppDelegate.swift; sourceTree = "<group>"; };
		50F7EEBF23A245B100876839 /* ViewController.swift */ = {isa = PBXFileReference; lastKnownFileType = sourcecode.swift; path = ViewController.swift; sourceTree = "<group>"; };
		50F7EEC223A245B100876839 /* Base */ = {isa = PBXFileReference; lastKnownFileType = file.storyboard; name = Base; path = Base.lproj/Main.storyboard; sourceTree = "<group>"; };
		50F7EEC423A245B200876839 /* Assets.xcassets */ = {isa = PBXFileReference; lastKnownFileType = folder.assetcatalog; path = Assets.xcassets; sourceTree = "<group>"; };
		50F7EEC723A245B200876839 /* Base */ = {isa = PBXFileReference; lastKnownFileType = file.storyboard; name = Base; path = Base.lproj/LaunchScreen.storyboard; sourceTree = "<group>"; };
		50F7EEC923A245B200876839 /* Info.plist */ = {isa = PBXFileReference; lastKnownFileType = text.plist.xml; path = Info.plist; sourceTree = "<group>"; };
		C0B55772D693F02800C7A420 /* Pods-PodBinCacheExample.debug.xcconfig */ = {isa = PBXFileReference; includeInIndex = 1; lastKnownFileType = text.xcconfig; name = "Pods-PodBinCacheExample.debug.xcconfig"; path = "Target Support Files/Pods-PodBinCacheExample/Pods-PodBinCacheExample.debug.xcconfig"; sourceTree = "<group>"; };
		F9408DFB63014B1E15B50BB1 /* Pods-PodBinCacheExample.release.xcconfig */ = {isa = PBXFileReference; includeInIndex = 1; lastKnownFileType = text.xcconfig; name = "Pods-PodBinCacheExample.release.xcconfig"; path = "Target Support Files/Pods-PodBinCacheExample/Pods-PodBinCacheExample.release.xcconfig"; sourceTree = "<group>"; };
/* End PBXFileReference section */

/* Begin PBXFrameworksBuildPhase section */
		50F7EEB723A245B100876839 /* Frameworks */ = {
			isa = PBXFrameworksBuildPhase;
			buildActionMask = 2147483647;
			files = (
				D4C420184DB8E6BF55D786B0 /* Pods_PodBinCacheExample.framework in Frameworks */,
			);
			runOnlyForDeploymentPostprocessing = 0;
		};
/* End PBXFrameworksBuildPhase section */

/* Begin PBXGroup section */
		11EC15E41C0255E8D20A5FCF /* Frameworks */ = {
			isa = PBXGroup;
			children = (
				1DFB75B5AF236383D751E3AC /* Pods_PodBinCacheExample.framework */,
			);
			name = Frameworks;
			sourceTree = "<group>";
		};
		50F7EEB123A245B100876839 = {
			isa = PBXGroup;
			children = (
				50F7EEBC23A245B100876839 /* PodBinCacheExample */,
				50F7EEBB23A245B100876839 /* Products */,
				DFF0DC1A97D58133D4F0EBB5 /* Pods */,
				11EC15E41C0255E8D20A5FCF /* Frameworks */,
			);
			sourceTree = "<group>";
		};
		50F7EEBB23A245B100876839 /* Products */ = {
			isa = PBXGroup;
			children = (
				50F7EEBA23A245B100876839 /* PodBinCacheExample.app */,
			);
			name = Products;
			sourceTree = "<group>";
		};
		50F7EEBC23A245B100876839 /* PodBinCacheExample */ = {
			isa = PBXGroup;
			children = (
				50F7EEBD23A245B100876839 /* AppDelegate.swift */,
				50F7EEBF23A245B100876839 /* ViewController.swift */,
				50F7EEC123A245B100876839 /* Main.storyboard */,
				50F7EEC423A245B200876839 /* Assets.xcassets */,
				50F7EEC623A245B200876839 /* LaunchScreen.storyboard */,
				50F7EEC923A245B200876839 /* Info.plist */,
			);
			path = PodBinCacheExample;
			sourceTree = "<group>";
		};
		DFF0DC1A97D58133D4F0EBB5 /* Pods */ = {
			isa = PBXGroup;
			children = (
				C0B55772D693F02800C7A420 /* Pods-PodBinCacheExample.debug.xcconfig */,
				F9408DFB63014B1E15B50BB1 /* Pods-PodBinCacheExample.release.xcconfig */,
			);
			name = Pods;
			path = Pods;
			sourceTree = "<group>";
		};
/* End PBXGroup section */

/* Begin PBXNativeTarget section */
		50F7EEB923A245B100876839 /* PodBinCacheExample */ = {
			isa = PBXNativeTarget;
			buildConfigurationList = 50F7EECC23A245B200876839 /* Build configuration list for PBXNativeTarget "PodBinCacheExample" */;
			buildPhases = (
				256D3A2EF8CF8D09FB3A7039 /* [CP] Check Pods Manifest.lock */,
				50F7EEB623A245B100876839 /* Sources */,
				50F7EEB723A245B100876839 /* Frameworks */,
				50F7EEB823A245B100876839 /* Resources */,
				C84527E3D10B09EC3D6FB02D /* [CP] Embed Pods Frameworks */,
			);
			buildRules = (
			);
			dependencies = (
			);
			name = PodBinCacheExample;
			productName = PodBinCacheExample;
			productReference = 50F7EEBA23A245B100876839 /* PodBinCacheExample.app */;
			productType = "com.apple.product-type.application";
		};
/* End PBXNativeTarget section */

/* Begin PBXProject section */
		50F7EEB223A245B100876839 /* Project object */ = {
			isa = PBXProject;
			attributes = {
				LastSwiftUpdateCheck = 1020;
				LastUpgradeCheck = 1020;
				ORGANIZATIONNAME = Grab;
				TargetAttributes = {
					50F7EEB923A245B100876839 = {
						CreatedOnToolsVersion = 10.2.1;
					};
				};
			};
			buildConfigurationList = 50F7EEB523A245B100876839 /* Build configuration list for PBXProject "PodBinCacheExample" */;
			compatibilityVersion = "Xcode 9.3";
			developmentRegion = en;
			hasScannedForEncodings = 0;
			knownRegions = (
				en,
				Base,
			);
			mainGroup = 50F7EEB123A245B100876839;
			productRefGroup = 50F7EEBB23A245B100876839 /* Products */;
			projectDirPath = "";
			projectRoot = "";
			targets = (
				50F7EEB923A245B100876839 /* PodBinCacheExample */,
			);
		};
/* End PBXProject section */

/* Begin PBXResourcesBuildPhase section */
		50F7EEB823A245B100876839 /* Resources */ = {
			isa = PBXResourcesBuildPhase;
			buildActionMask = 2147483647;
			files = (
				50F7EEC823A245B200876839 /* LaunchScreen.storyboard in Resources */,
				50F7EEC523A245B200876839 /* Assets.xcassets in Resources */,
				50F7EEC323A245B100876839 /* Main.storyboard in Resources */,
			);
			runOnlyForDeploymentPostprocessing = 0;
		};
/* End PBXResourcesBuildPhase section */

/* Begin PBXShellScriptBuildPhase section */
		256D3A2EF8CF8D09FB3A7039 /* [CP] Check Pods Manifest.lock */ = {
			isa = PBXShellScriptBuildPhase;
			buildActionMask = 2147483647;
			files = (
			);
			inputFileListPaths = (
			);
			inputPaths = (
				"${PODS_PODFILE_DIR_PATH}/Podfile.lock",
				"${PODS_ROOT}/Manifest.lock",
			);
			name = "[CP] Check Pods Manifest.lock";
			outputFileListPaths = (
			);
			outputPaths = (
				"$(DERIVED_FILE_DIR)/Pods-PodBinCacheExample-checkManifestLockResult.txt",
			);
			runOnlyForDeploymentPostprocessing = 0;
			shellPath = /bin/sh;
			shellScript = "diff \"${PODS_PODFILE_DIR_PATH}/Podfile.lock\" \"${PODS_ROOT}/Manifest.lock\" > /dev/null\nif [ $? != 0 ] ; then\n    # print error to STDERR\n    echo \"error: The sandbox is not in sync with the Podfile.lock. Run 'pod install' or update your CocoaPods installation.\" >&2\n    exit 1\nfi\n# This output is used by Xcode 'outputs' to avoid re-running this script phase.\necho \"SUCCESS\" > \"${SCRIPT_OUTPUT_FILE_0}\"\n";
			showEnvVarsInLog = 0;
		};
		C84527E3D10B09EC3D6FB02D /* [CP] Embed Pods Frameworks */ = {
			isa = PBXShellScriptBuildPhase;
			buildActionMask = 2147483647;
			files = (
			);
			inputFileListPaths = (
				"${PODS_ROOT}/Target Support Files/Pods-PodBinCacheExample/Pods-PodBinCacheExample-frameworks-${CONFIGURATION}-input-files.xcfilelist",
			);
			name = "[CP] Embed Pods Frameworks";
			outputFileListPaths = (
				"${PODS_ROOT}/Target Support Files/Pods-PodBinCacheExample/Pods-PodBinCacheExample-frameworks-${CONFIGURATION}-output-files.xcfilelist",
			);
			runOnlyForDeploymentPostprocessing = 0;
			shellPath = /bin/sh;
			shellScript = "\"${PODS_ROOT}/Target Support Files/Pods-PodBinCacheExample/Pods-PodBinCacheExample-frameworks.sh\"\n";
			showEnvVarsInLog = 0;
		};
/* End PBXShellScriptBuildPhase section */

/* Begin PBXSourcesBuildPhase section */
		50F7EEB623A245B100876839 /* Sources */ = {
			isa = PBXSourcesBuildPhase;
			buildActionMask = 2147483647;
			files = (
				50F7EEC023A245B100876839 /* ViewController.swift in Sources */,
				50F7EEBE23A245B100876839 /* AppDelegate.swift in Sources */,
			);
			runOnlyForDeploymentPostprocessing = 0;
		};
/* End PBXSourcesBuildPhase section */

/* Begin PBXVariantGroup section */
		50F7EEC123A245B100876839 /* Main.storyboard */ = {
			isa = PBXVariantGroup;
			children = (
				50F7EEC223A245B100876839 /* Base */,
			);
			name = Main.storyboard;
			sourceTree = "<group>";
		};
		50F7EEC623A245B200876839 /* LaunchScreen.storyboard */ = {
			isa = PBXVariantGroup;
			children = (
				50F7EEC723A245B200876839 /* Base */,
			);
			name = LaunchScreen.storyboard;
			sourceTree = "<group>";
		};
/* End PBXVariantGroup section */

/* Begin XCBuildConfiguration section */
		50F7EECA23A245B200876839 /* Debug */ = {
			isa = XCBuildConfiguration;
			buildSettings = {
				ALWAYS_SEARCH_USER_PATHS = NO;
				CLANG_ANALYZER_NONNULL = YES;
				CLANG_ANALYZER_NUMBER_OBJECT_CONVERSION = YES_AGGRESSIVE;
				CLANG_CXX_LANGUAGE_STANDARD = "gnu++14";
				CLANG_CXX_LIBRARY = "libc++";
				CLANG_ENABLE_MODULES = YES;
				CLANG_ENABLE_OBJC_ARC = YES;
				CLANG_ENABLE_OBJC_WEAK = YES;
				CLANG_WARN_BLOCK_CAPTURE_AUTORELEASING = YES;
				CLANG_WARN_BOOL_CONVERSION = YES;
				CLANG_WARN_COMMA = YES;
				CLANG_WARN_CONSTANT_CONVERSION = YES;
				CLANG_WARN_DEPRECATED_OBJC_IMPLEMENTATIONS = YES;
				CLANG_WARN_DIRECT_OBJC_ISA_USAGE = YES_ERROR;
				CLANG_WARN_DOCUMENTATION_COMMENTS = YES;
				CLANG_WARN_EMPTY_BODY = YES;
				CLANG_WARN_ENUM_CONVERSION = YES;
				CLANG_WARN_INFINITE_RECURSION = YES;
				CLANG_WARN_INT_CONVERSION = YES;
				CLANG_WARN_NON_LITERAL_NULL_CONVERSION = YES;
				CLANG_WARN_OBJC_IMPLICIT_RETAIN_SELF = YES;
				CLANG_WARN_OBJC_LITERAL_CONVERSION = YES;
				CLANG_WARN_OBJC_ROOT_CLASS = YES_ERROR;
				CLANG_WARN_RANGE_LOOP_ANALYSIS = YES;
				CLANG_WARN_STRICT_PROTOTYPES = YES;
				CLANG_WARN_SUSPICIOUS_MOVE = YES;
				CLANG_WARN_UNGUARDED_AVAILABILITY = YES_AGGRESSIVE;
				CLANG_WARN_UNREACHABLE_CODE = YES;
				CLANG_WARN__DUPLICATE_METHOD_MATCH = YES;
				CODE_SIGN_IDENTITY = "iPhone Developer";
				COPY_PHASE_STRIP = NO;
				DEBUG_INFORMATION_FORMAT = dwarf;
				ENABLE_STRICT_OBJC_MSGSEND = YES;
				ENABLE_TESTABILITY = YES;
				GCC_C_LANGUAGE_STANDARD = gnu11;
				GCC_DYNAMIC_NO_PIC = NO;
				GCC_NO_COMMON_BLOCKS = YES;
				GCC_OPTIMIZATION_LEVEL = 0;
				GCC_PREPROCESSOR_DEFINITIONS = (
					"DEBUG=1",
					"$(inherited)",
				);
				GCC_WARN_64_TO_32_BIT_CONVERSION = YES;
				GCC_WARN_ABOUT_RETURN_TYPE = YES_ERROR;
				GCC_WARN_UNDECLARED_SELECTOR = YES;
				GCC_WARN_UNINITIALIZED_AUTOS = YES_AGGRESSIVE;
				GCC_WARN_UNUSED_FUNCTION = YES;
				GCC_WARN_UNUSED_VARIABLE = YES;
				IPHONEOS_DEPLOYMENT_TARGET = 12.2;
				MTL_ENABLE_DEBUG_INFO = INCLUDE_SOURCE;
				MTL_FAST_MATH = YES;
				ONLY_ACTIVE_ARCH = YES;
				SDKROOT = iphoneos;
				SWIFT_ACTIVE_COMPILATION_CONDITIONS = DEBUG;
				SWIFT_OPTIMIZATION_LEVEL = "-Onone";
			};
			name = Debug;
		};
		50F7EECB23A245B200876839 /* Release */ = {
			isa = XCBuildConfiguration;
			buildSettings = {
				ALWAYS_SEARCH_USER_PATHS = NO;
				CLANG_ANALYZER_NONNULL = YES;
				CLANG_ANALYZER_NUMBER_OBJECT_CONVERSION = YES_AGGRESSIVE;
				CLANG_CXX_LANGUAGE_STANDARD = "gnu++14";
				CLANG_CXX_LIBRARY = "libc++";
				CLANG_ENABLE_MODULES = YES;
				CLANG_ENABLE_OBJC_ARC = YES;
				CLANG_ENABLE_OBJC_WEAK = YES;
				CLANG_WARN_BLOCK_CAPTURE_AUTORELEASING = YES;
				CLANG_WARN_BOOL_CONVERSION = YES;
				CLANG_WARN_COMMA = YES;
				CLANG_WARN_CONSTANT_CONVERSION = YES;
				CLANG_WARN_DEPRECATED_OBJC_IMPLEMENTATIONS = YES;
				CLANG_WARN_DIRECT_OBJC_ISA_USAGE = YES_ERROR;
				CLANG_WARN_DOCUMENTATION_COMMENTS = YES;
				CLANG_WARN_EMPTY_BODY = YES;
				CLANG_WARN_ENUM_CONVERSION = YES;
				CLANG_WARN_INFINITE_RECURSION = YES;
				CLANG_WARN_INT_CONVERSION = YES;
				CLANG_WARN_NON_LITERAL_NULL_CONVERSION = YES;
				CLANG_WARN_OBJC_IMPLICIT_RETAIN_SELF = YES;
				CLANG_WARN_OBJC_LITERAL_CONVERSION = YES;
				CLANG_WARN_OBJC_ROOT_CLASS = YES_ERROR;
				CLANG_WARN_RANGE_LOOP_ANALYSIS = YES;
				CLANG_WARN_STRICT_PROTOTYPES = YES;
				CLANG_WARN_SUSPICIOUS_MOVE = YES;
				CLANG_WARN_UNGUARDED_AVAILABILITY = YES_AGGRESSIVE;
				CLANG_WARN_UNREACHABLE_CODE = YES;
				CLANG_WARN__DUPLICATE_METHOD_MATCH = YES;
				CODE_SIGN_IDENTITY = "iPhone Developer";
				COPY_PHASE_STRIP = NO;
				DEBUG_INFORMATION_FORMAT = "dwarf-with-dsym";
				ENABLE_NS_ASSERTIONS = NO;
				ENABLE_STRICT_OBJC_MSGSEND = YES;
				GCC_C_LANGUAGE_STANDARD = gnu11;
				GCC_NO_COMMON_BLOCKS = YES;
				GCC_WARN_64_TO_32_BIT_CONVERSION = YES;
				GCC_WARN_ABOUT_RETURN_TYPE = YES_ERROR;
				GCC_WARN_UNDECLARED_SELECTOR = YES;
				GCC_WARN_UNINITIALIZED_AUTOS = YES_AGGRESSIVE;
				GCC_WARN_UNUSED_FUNCTION = YES;
				GCC_WARN_UNUSED_VARIABLE = YES;
				IPHONEOS_DEPLOYMENT_TARGET = 12.2;
				MTL_ENABLE_DEBUG_INFO = NO;
				MTL_FAST_MATH = YES;
				SDKROOT = iphoneos;
				SWIFT_COMPILATION_MODE = wholemodule;
				SWIFT_OPTIMIZATION_LEVEL = "-O";
				VALIDATE_PRODUCT = YES;
			};
			name = Release;
		};
		50F7EECD23A245B200876839 /* Debug */ = {
			isa = XCBuildConfiguration;
			baseConfigurationReference = C0B55772D693F02800C7A420 /* Pods-PodBinCacheExample.debug.xcconfig */;
			buildSettings = {
				ASSETCATALOG_COMPILER_APPICON_NAME = AppIcon;
				CODE_SIGN_STYLE = Automatic;
				INFOPLIST_FILE = PodBinCacheExample/Info.plist;
				LD_RUNPATH_SEARCH_PATHS = (
					"$(inherited)",
					"@executable_path/Frameworks",
				);
				PRODUCT_BUNDLE_IDENTIFIER = GrabTaxi.PodBinCacheExample;
				PRODUCT_NAME = "$(TARGET_NAME)";
				SWIFT_VERSION = 5.0;
				TARGETED_DEVICE_FAMILY = "1,2";
			};
			name = Debug;
		};
		50F7EECE23A245B200876839 /* Release */ = {
			isa = XCBuildConfiguration;
			baseConfigurationReference = F9408DFB63014B1E15B50BB1 /* Pods-PodBinCacheExample.release.xcconfig */;
			buildSettings = {
				ASSETCATALOG_COMPILER_APPICON_NAME = AppIcon;
				CODE_SIGN_STYLE = Automatic;
				INFOPLIST_FILE = PodBinCacheExample/Info.plist;
				LD_RUNPATH_SEARCH_PATHS = (
					"$(inherited)",
					"@executable_path/Frameworks",
				);
				PRODUCT_BUNDLE_IDENTIFIER = GrabTaxi.PodBinCacheExample;
				PRODUCT_NAME = "$(TARGET_NAME)";
				SWIFT_VERSION = 5.0;
				TARGETED_DEVICE_FAMILY = "1,2";
			};
			name = Release;
		};
/* End XCBuildConfiguration section */

/* Begin XCConfigurationList section */
		50F7EEB523A245B100876839 /* Build configuration list for PBXProject "PodBinCacheExample" */ = {
			isa = XCConfigurationList;
			buildConfigurations = (
				50F7EECA23A245B200876839 /* Debug */,
				50F7EECB23A245B200876839 /* Release */,
			);
			defaultConfigurationIsVisible = 0;
			defaultConfigurationName = Release;
		};
		50F7EECC23A245B200876839 /* Build configuration list for PBXNativeTarget "PodBinCacheExample" */ = {
			isa = XCConfigurationList;
			buildConfigurations = (
				50F7EECD23A245B200876839 /* Debug */,
				50F7EECE23A245B200876839 /* Release */,
			);
			defaultConfigurationIsVisible = 0;
			defaultConfigurationName = Release;
		};
/* End XCConfigurationList section */
	};
	rootObject = 50F7EEB223A245B100876839 /* Project object */;
}
